
Microsoft Visual Studio Solution File, Format Version 12.00
# Visual Studio Version 17
VisualStudioVersion = 17.0.31903.59
MinimumVisualStudioVersion = 10.0.40219.1
Project("{FAE04EC0-301F-11D3-BF4B-00C04F79EFBC}") = "CleanArchMvc.Application", "CleanArchMvc.Application\CleanArchMvc.Application.csproj", "{4650BBC1-C57E-4A78-92C3-B37C847BEE17}"
EndProject
Project("{FAE04EC0-301F-11D3-BF4B-00C04F79EFBC}") = "CleanArchMvc.Domain", "CleanArchMvc.Domain\CleanArchMvc.Domain.csproj", "{7570A46F-0C2D-4C6D-A6DB-53F8C52A5799}"
EndProject
Project("{FAE04EC0-301F-11D3-BF4B-00C04F79EFBC}") = "CleanArchMvc.Infra.Data", "CleanArchMvc.Infra.Data\CleanArchMvc.Infra.Data.csproj", "{656ADFB7-4085-4AFB-B67A-2E04343A15E3}"
EndProject
Project("{FAE04EC0-301F-11D3-BF4B-00C04F79EFBC}") = "CleanArchMvc.Infra.IoC", "CleanArchMvc.Infra.IoC\CleanArchMvc.Infra.IoC.csproj", "{0BB87CCC-F3D2-41F6-B593-A416434933D8}"
EndProject
Project("{FAE04EC0-301F-11D3-BF4B-00C04F79EFBC}") = "CleanArchMvc.WebUI", "CleanArchMvc.WebUI\CleanArchMvc.WebUI.csproj", "{1A0535E5-F62E-4269-8D08-D81701658A31}"
EndProject
Global
	GlobalSection(SolutionConfigurationPlatforms) = preSolution
		Debug|Any CPU = Debug|Any CPU
		Debug|x64 = Debug|x64
		Debug|x86 = Debug|x86
		Release|Any CPU = Release|Any CPU
		Release|x64 = Release|x64
		Release|x86 = Release|x86
	EndGlobalSection
	GlobalSection(ProjectConfigurationPlatforms) = postSolution
		{4650BBC1-C57E-4A78-92C3-B37C847BEE17}.Debug|Any CPU.ActiveCfg = Debug|Any CPU
		{4650BBC1-C57E-4A78-92C3-B37C847BEE17}.Debug|Any CPU.Build.0 = Debug|Any CPU
		{4650BBC1-C57E-4A78-92C3-B37C847BEE17}.Debug|x64.ActiveCfg = Debug|Any CPU
		{4650BBC1-C57E-4A78-92C3-B37C847BEE17}.Debug|x64.Build.0 = Debug|Any CPU
		{4650BBC1-C57E-4A78-92C3-B37C847BEE17}.Debug|x86.ActiveCfg = Debug|Any CPU
		{4650BBC1-C57E-4A78-92C3-B37C847BEE17}.Debug|x86.Build.0 = Debug|Any CPU
		{4650BBC1-C57E-4A78-92C3-B37C847BEE17}.Release|Any CPU.ActiveCfg = Release|Any CPU
		{4650BBC1-C57E-4A78-92C3-B37C847BEE17}.Release|Any CPU.Build.0 = Release|Any CPU
		{4650BBC1-C57E-4A78-92C3-B37C847BEE17}.Release|x64.ActiveCfg = Release|Any CPU
		{4650BBC1-C57E-4A78-92C3-B37C847BEE17}.Release|x64.Build.0 = Release|Any CPU
		{4650BBC1-C57E-4A78-92C3-B37C847BEE17}.Release|x86.ActiveCfg = Release|Any CPU
		{4650BBC1-C57E-4A78-92C3-B37C847BEE17}.Release|x86.Build.0 = Release|Any CPU
		{7570A46F-0C2D-4C6D-A6DB-53F8C52A5799}.Debug|Any CPU.ActiveCfg = Debug|Any CPU
		{7570A46F-0C2D-4C6D-A6DB-53F8C52A5799}.Debug|Any CPU.Build.0 = Debug|Any CPU
		{7570A46F-0C2D-4C6D-A6DB-53F8C52A5799}.Debug|x64.ActiveCfg = Debug|Any CPU
		{7570A46F-0C2D-4C6D-A6DB-53F8C52A5799}.Debug|x64.Build.0 = Debug|Any CPU
		{7570A46F-0C2D-4C6D-A6DB-53F8C52A5799}.Debug|x86.ActiveCfg = Debug|Any CPU
		{7570A46F-0C2D-4C6D-A6DB-53F8C52A5799}.Debug|x86.Build.0 = Debug|Any CPU
		{7570A46F-0C2D-4C6D-A6DB-53F8C52A5799}.Release|Any CPU.ActiveCfg = Release|Any CPU
		{7570A46F-0C2D-4C6D-A6DB-53F8C52A5799}.Release|Any CPU.Build.0 = Release|Any CPU
		{7570A46F-0C2D-4C6D-A6DB-53F8C52A5799}.Release|x64.ActiveCfg = Release|Any CPU
		{7570A46F-0C2D-4C6D-A6DB-53F8C52A5799}.Release|x64.Build.0 = Release|Any CPU
		{7570A46F-0C2D-4C6D-A6DB-53F8C52A5799}.Release|x86.ActiveCfg = Release|Any CPU
		{7570A46F-0C2D-4C6D-A6DB-53F8C52A5799}.Release|x86.Build.0 = Release|Any CPU
		{656ADFB7-4085-4AFB-B67A-2E04343A15E3}.Debug|Any CPU.ActiveCfg = Debug|Any CPU
		{656ADFB7-4085-4AFB-B67A-2E04343A15E3}.Debug|Any CPU.Build.0 = Debug|Any CPU
		{656ADFB7-4085-4AFB-B67A-2E04343A15E3}.Debug|x64.ActiveCfg = Debug|Any CPU
		{656ADFB7-4085-4AFB-B67A-2E04343A15E3}.Debug|x64.Build.0 = Debug|Any CPU
		{656ADFB7-4085-4AFB-B67A-2E04343A15E3}.Debug|x86.ActiveCfg = Debug|Any CPU
		{656ADFB7-4085-4AFB-B67A-2E04343A15E3}.Debug|x86.Build.0 = Debug|Any CPU
		{656ADFB7-4085-4AFB-B67A-2E04343A15E3}.Release|Any CPU.ActiveCfg = Release|Any CPU
		{656ADFB7-4085-4AFB-B67A-2E04343A15E3}.Release|Any CPU.Build.0 = Release|Any CPU
		{656ADFB7-4085-4AFB-B67A-2E04343A15E3}.Release|x64.ActiveCfg = Release|Any CPU
		{656ADFB7-4085-4AFB-B67A-2E04343A15E3}.Release|x64.Build.0 = Release|Any CPU
		{656ADFB7-4085-4AFB-B67A-2E04343A15E3}.Release|x86.ActiveCfg = Release|Any CPU
		{656ADFB7-4085-4AFB-B67A-2E04343A15E3}.Release|x86.Build.0 = Release|Any CPU
		{0BB87CCC-F3D2-41F6-B593-A416434933D8}.Debug|Any CPU.ActiveCfg = Debug|Any CPU
		{0BB87CCC-F3D2-41F6-B593-A416434933D8}.Debug|Any CPU.Build.0 = Debug|Any CPU
		{0BB87CCC-F3D2-41F6-B593-A416434933D8}.Debug|x64.ActiveCfg = Debug|Any CPU
		{0BB87CCC-F3D2-41F6-B593-A416434933D8}.Debug|x64.Build.0 = Debug|Any CPU
		{0BB87CCC-F3D2-41F6-B593-A416434933D8}.Debug|x86.ActiveCfg = Debug|Any CPU
		{0BB87CCC-F3D2-41F6-B593-A416434933D8}.Debug|x86.Build.0 = Debug|Any CPU
		{0BB87CCC-F3D2-41F6-B593-A416434933D8}.Release|Any CPU.ActiveCfg = Release|Any CPU
		{0BB87CCC-F3D2-41F6-B593-A416434933D8}.Release|Any CPU.Build.0 = Release|Any CPU
		{0BB87CCC-F3D2-41F6-B593-A416434933D8}.Release|x64.ActiveCfg = Release|Any CPU
		{0BB87CCC-F3D2-41F6-B593-A416434933D8}.Release|x64.Build.0 = Release|Any CPU
		{0BB87CCC-F3D2-41F6-B593-A416434933D8}.Release|x86.ActiveCfg = Release|Any CPU
		{0BB87CCC-F3D2-41F6-B593-A416434933D8}.Release|x86.Build.0 = Release|Any CPU
		{1A0535E5-F62E-4269-8D08-D81701658A31}.Debug|Any CPU.ActiveCfg = Debug|Any CPU
		{1A0535E5-F62E-4269-8D08-D81701658A31}.Debug|Any CPU.Build.0 = Debug|Any CPU
		{1A0535E5-F62E-4269-8D08-D81701658A31}.Debug|x64.ActiveCfg = Debug|Any CPU
		{1A0535E5-F62E-4269-8D08-D81701658A31}.Debug|x64.Build.0 = Debug|Any CPU
		{1A0535E5-F62E-4269-8D08-D81701658A31}.Debug|x86.ActiveCfg = Debug|Any CPU
		{1A0535E5-F62E-4269-8D08-D81701658A31}.Debug|x86.Build.0 = Debug|Any CPU
		{1A0535E5-F62E-4269-8D08-D81701658A31}.Release|Any CPU.ActiveCfg = Release|Any CPU
		{1A0535E5-F62E-4269-8D08-D81701658A31}.Release|Any CPU.Build.0 = Release|Any CPU
		{1A0535E5-F62E-4269-8D08-D81701658A31}.Release|x64.ActiveCfg = Release|Any CPU
		{1A0535E5-F62E-4269-8D08-D81701658A31}.Release|x64.Build.0 = Release|Any CPU
		{1A0535E5-F62E-4269-8D08-D81701658A31}.Release|x86.ActiveCfg = Release|Any CPU
		{1A0535E5-F62E-4269-8D08-D81701658A31}.Release|x86.Build.0 = Release|Any CPU
	EndGlobalSection
	GlobalSection(SolutionProperties) = preSolution
		HideSolutionNode = FALSE
	EndGlobalSection
EndGlobal
